
Microsoft Visual Studio Solution File, Format Version 12.00
# Visual Studio 15
VisualStudioVersion = 15.0.28307.1300
MinimumVisualStudioVersion = 10.0.40219.1
Project("{9A19103F-16F7-4668-BE54-9A1E7A4F7556}") = "LeitorArquivoPokedex", "LeitorArquivoPokedex\LeitorArquivoPokedex.csproj", "{578DAAB8-12B0-4931-8683-564DDC9D1467}"
EndProject
Project("{FAE04EC0-301F-11D3-BF4B-00C04F79EFBC}") = "DecisionMaker", "DecisionMaker\DecisionMaker.csproj", "{5DEE059C-5E31-4413-859F-5B077E7AA94E}"
EndProject
Global
	GlobalSection(SolutionConfigurationPlatforms) = preSolution
		Debug|Any CPU = Debug|Any CPU
		Release|Any CPU = Release|Any CPU
	EndGlobalSection
	GlobalSection(ProjectConfigurationPlatforms) = postSolution
		{578DAAB8-12B0-4931-8683-564DDC9D1467}.Debug|Any CPU.ActiveCfg = Debug|Any CPU
		{578DAAB8-12B0-4931-8683-564DDC9D1467}.Debug|Any CPU.Build.0 = Debug|Any CPU
		{578DAAB8-12B0-4931-8683-564DDC9D1467}.Release|Any CPU.ActiveCfg = Release|Any CPU
		{578DAAB8-12B0-4931-8683-564DDC9D1467}.Release|Any CPU.Build.0 = Release|Any CPU
		{5DEE059C-5E31-4413-859F-5B077E7AA94E}.Debug|Any CPU.ActiveCfg = Debug|Any CPU
		{5DEE059C-5E31-4413-859F-5B077E7AA94E}.Debug|Any CPU.Build.0 = Debug|Any CPU
		{5DEE059C-5E31-4413-859F-5B077E7AA94E}.Release|Any CPU.ActiveCfg = Release|Any CPU
		{5DEE059C-5E31-4413-859F-5B077E7AA94E}.Release|Any CPU.Build.0 = Release|Any CPU
	EndGlobalSection
	GlobalSection(SolutionProperties) = preSolution
		HideSolutionNode = FALSE
	EndGlobalSection
	GlobalSection(ExtensibilityGlobals) = postSolution
		SolutionGuid = {70848D2F-5276-4E7F-AB7E-FAEC18DAD6D7}
	EndGlobalSection
EndGlobal
